// !$*UTF8*$!
{
	archiveVersion = 1;
	classes = {
	};
	objectVersion = 56;
	objects = {

/* Begin PBXBuildFile section */
		E3098B1B2A8EC005009C27CB /* AppSettings.swift in Sources */ = {isa = PBXBuildFile; fileRef = E3098B1A2A8EC005009C27CB /* AppSettings.swift */; };
		EC02DCE82A9380F800E47678 /* SingleProductView.swift in Sources */ = {isa = PBXBuildFile; fileRef = EC02DCE72A9380F800E47678 /* SingleProductView.swift */; };
		EC331EE62A854E3C00EA73E2 /* FavoriteViewController.swift in Sources */ = {isa = PBXBuildFile; fileRef = EC331EE52A854E3C00EA73E2 /* FavoriteViewController.swift */; };
		EC5B4D472A991AA40013660D /* ApiKeys.swift in Sources */ = {isa = PBXBuildFile; fileRef = EC5B4D462A991AA40013660D /* ApiKeys.swift */; };
		EC64E9CF2A94B6E200F1E331 /* UIConstants.swift in Sources */ = {isa = PBXBuildFile; fileRef = EC64E9CE2A94B6E200F1E331 /* UIConstants.swift */; };
		EC75AA482A7D20EC00B8641D /* LogoView.swift in Sources */ = {isa = PBXBuildFile; fileRef = EC75AA472A7D20EC00B8641D /* LogoView.swift */; };
		EC781FDF2A9B66B1007F8418 /* Menu.swift in Sources */ = {isa = PBXBuildFile; fileRef = EC781FDE2A9B66B1007F8418 /* Menu.swift */; };
		EC91E6412A7C316C004231CC /* AppDelegate.swift in Sources */ = {isa = PBXBuildFile; fileRef = EC91E6402A7C316C004231CC /* AppDelegate.swift */; };
		EC91E6432A7C316C004231CC /* SceneDelegate.swift in Sources */ = {isa = PBXBuildFile; fileRef = EC91E6422A7C316C004231CC /* SceneDelegate.swift */; };
		EC91E6452A7C316C004231CC /* MainTabBarController.swift in Sources */ = {isa = PBXBuildFile; fileRef = EC91E6442A7C316C004231CC /* MainTabBarController.swift */; };
		EC91E64A2A7C316E004231CC /* Assets.xcassets in Resources */ = {isa = PBXBuildFile; fileRef = EC91E6492A7C316E004231CC /* Assets.xcassets */; };
		EC91E64D2A7C316E004231CC /* LaunchScreen.storyboard in Resources */ = {isa = PBXBuildFile; fileRef = EC91E64B2A7C316E004231CC /* LaunchScreen.storyboard */; };
		EC91E6562A7C3187004231CC /* SnapKit in Frameworks */ = {isa = PBXBuildFile; productRef = EC91E6552A7C3187004231CC /* SnapKit */; };
		EC91E6582A7C320D004231CC /* ProductModel.swift in Sources */ = {isa = PBXBuildFile; fileRef = EC91E6572A7C320D004231CC /* ProductModel.swift */; };
		EC91E65A2A7C3245004231CC /* BasketViewController.swift in Sources */ = {isa = PBXBuildFile; fileRef = EC91E6592A7C3245004231CC /* BasketViewController.swift */; };
		EC91E65C2A7C3251004231CC /* BasketViewCell.swift in Sources */ = {isa = PBXBuildFile; fileRef = EC91E65B2A7C3251004231CC /* BasketViewCell.swift */; };
		EC91E65E2A7C325D004231CC /* MenuViewController.swift in Sources */ = {isa = PBXBuildFile; fileRef = EC91E65D2A7C325C004231CC /* MenuViewController.swift */; };
		EC91E6602A7C32B8004231CC /* MenuViewCell.swift in Sources */ = {isa = PBXBuildFile; fileRef = EC91E65F2A7C32B8004231CC /* MenuViewCell.swift */; };
		ECA96BF32AA8C9CD00B6917A /* TextFieldController.swift in Sources */ = {isa = PBXBuildFile; fileRef = ECA96BF22AA8C9CC00B6917A /* TextFieldController.swift */; };
		ECC76A072AA749EF006A90BF /* TableFooterViewForBasket.swift in Sources */ = {isa = PBXBuildFile; fileRef = ECC76A062AA749EF006A90BF /* TableFooterViewForBasket.swift */; };
/* End PBXBuildFile section */

/* Begin PBXFileReference section */
		E3098B1A2A8EC005009C27CB /* AppSettings.swift */ = {isa = PBXFileReference; lastKnownFileType = sourcecode.swift; path = AppSettings.swift; sourceTree = "<group>"; };
		EC02DCE72A9380F800E47678 /* SingleProductView.swift */ = {isa = PBXFileReference; lastKnownFileType = sourcecode.swift; path = SingleProductView.swift; sourceTree = "<group>"; };
		EC331EE52A854E3C00EA73E2 /* FavoriteViewController.swift */ = {isa = PBXFileReference; lastKnownFileType = sourcecode.swift; path = FavoriteViewController.swift; sourceTree = "<group>"; };
		EC5B4D462A991AA40013660D /* ApiKeys.swift */ = {isa = PBXFileReference; lastKnownFileType = sourcecode.swift; path = ApiKeys.swift; sourceTree = "<group>"; };
		EC64E9CE2A94B6E200F1E331 /* UIConstants.swift */ = {isa = PBXFileReference; lastKnownFileType = sourcecode.swift; path = UIConstants.swift; sourceTree = "<group>"; };
		EC75AA472A7D20EC00B8641D /* LogoView.swift */ = {isa = PBXFileReference; lastKnownFileType = sourcecode.swift; path = LogoView.swift; sourceTree = "<group>"; };
		EC781FDE2A9B66B1007F8418 /* Menu.swift */ = {isa = PBXFileReference; lastKnownFileType = sourcecode.swift; path = Menu.swift; sourceTree = "<group>"; };
		EC91E63D2A7C316C004231CC /* KD.app */ = {isa = PBXFileReference; explicitFileType = wrapper.application; includeInIndex = 0; path = KD.app; sourceTree = BUILT_PRODUCTS_DIR; };
		EC91E6402A7C316C004231CC /* AppDelegate.swift */ = {isa = PBXFileReference; lastKnownFileType = sourcecode.swift; path = AppDelegate.swift; sourceTree = "<group>"; };
		EC91E6422A7C316C004231CC /* SceneDelegate.swift */ = {isa = PBXFileReference; lastKnownFileType = sourcecode.swift; path = SceneDelegate.swift; sourceTree = "<group>"; };
		EC91E6442A7C316C004231CC /* MainTabBarController.swift */ = {isa = PBXFileReference; lastKnownFileType = sourcecode.swift; path = MainTabBarController.swift; sourceTree = "<group>"; };
		EC91E6492A7C316E004231CC /* Assets.xcassets */ = {isa = PBXFileReference; lastKnownFileType = folder.assetcatalog; path = Assets.xcassets; sourceTree = "<group>"; };
		EC91E64C2A7C316E004231CC /* Base */ = {isa = PBXFileReference; lastKnownFileType = file.storyboard; name = Base; path = Base.lproj/LaunchScreen.storyboard; sourceTree = "<group>"; };
		EC91E64E2A7C316E004231CC /* Info.plist */ = {isa = PBXFileReference; lastKnownFileType = text.plist.xml; path = Info.plist; sourceTree = "<group>"; };
		EC91E6572A7C320D004231CC /* ProductModel.swift */ = {isa = PBXFileReference; lastKnownFileType = sourcecode.swift; path = ProductModel.swift; sourceTree = "<group>"; };
		EC91E6592A7C3245004231CC /* BasketViewController.swift */ = {isa = PBXFileReference; lastKnownFileType = sourcecode.swift; path = BasketViewController.swift; sourceTree = "<group>"; };
		EC91E65B2A7C3251004231CC /* BasketViewCell.swift */ = {isa = PBXFileReference; lastKnownFileType = sourcecode.swift; path = BasketViewCell.swift; sourceTree = "<group>"; };
		EC91E65D2A7C325C004231CC /* MenuViewController.swift */ = {isa = PBXFileReference; lastKnownFileType = sourcecode.swift; path = MenuViewController.swift; sourceTree = "<group>"; };
		EC91E65F2A7C32B8004231CC /* MenuViewCell.swift */ = {isa = PBXFileReference; lastKnownFileType = sourcecode.swift; path = MenuViewCell.swift; sourceTree = "<group>"; };
		ECA96BF22AA8C9CC00B6917A /* TextFieldController.swift */ = {isa = PBXFileReference; lastKnownFileType = sourcecode.swift; path = TextFieldController.swift; sourceTree = "<group>"; };
		ECC76A062AA749EF006A90BF /* TableFooterViewForBasket.swift */ = {isa = PBXFileReference; lastKnownFileType = sourcecode.swift; path = TableFooterViewForBasket.swift; sourceTree = "<group>"; };
/* End PBXFileReference section */

/* Begin PBXFrameworksBuildPhase section */
		EC91E63A2A7C316C004231CC /* Frameworks */ = {
			isa = PBXFrameworksBuildPhase;
			buildActionMask = 2147483647;
			files = (
				EC91E6562A7C3187004231CC /* SnapKit in Frameworks */,
			);
			runOnlyForDeploymentPostprocessing = 0;
		};
/* End PBXFrameworksBuildPhase section */

/* Begin PBXGroup section */
		EC02DCE92A93BD7A00E47678 /* ViewControllers */ = {
			isa = PBXGroup;
			children = (
				EC02DCE72A9380F800E47678 /* SingleProductView.swift */,
				EC331EE52A854E3C00EA73E2 /* FavoriteViewController.swift */,
				EC91E6592A7C3245004231CC /* BasketViewController.swift */,
				EC91E65D2A7C325C004231CC /* MenuViewController.swift */,
				EC91E6442A7C316C004231CC /* MainTabBarController.swift */,
			);
			path = ViewControllers;
			sourceTree = "<group>";
		};
		EC02DCEA2A93BD9600E47678 /* Classes */ = {
			isa = PBXGroup;
			children = (
				EC91E6572A7C320D004231CC /* ProductModel.swift */,
				EC781FDE2A9B66B1007F8418 /* Menu.swift */,
				EC02DCEB2A93BDB800E47678 /* Cells */,
				EC64E9CE2A94B6E200F1E331 /* UIConstants.swift */,
				ECC76A062AA749EF006A90BF /* TableFooterViewForBasket.swift */,
				ECA96BF22AA8C9CC00B6917A /* TextFieldController.swift */,
			);
			path = Classes;
			sourceTree = "<group>";
		};
		EC02DCEB2A93BDB800E47678 /* Cells */ = {
			isa = PBXGroup;
			children = (
				EC75AA462A7D20CC00B8641D /* LogoCell */,
				EC91E65F2A7C32B8004231CC /* MenuViewCell.swift */,
				EC91E65B2A7C3251004231CC /* BasketViewCell.swift */,
			);
			path = Cells;
			sourceTree = "<group>";
		};
		EC75AA462A7D20CC00B8641D /* LogoCell */ = {
			isa = PBXGroup;
			children = (
				EC75AA472A7D20EC00B8641D /* LogoView.swift */,
			);
			name = LogoCell;
			path = ../..;
			sourceTree = "<group>";
		};
		EC91E6342A7C316C004231CC = {
			isa = PBXGroup;
			children = (
				EC91E63F2A7C316C004231CC /* KD */,
				EC91E63E2A7C316C004231CC /* Products */,
			);
			sourceTree = "<group>";
		};
		EC91E63E2A7C316C004231CC /* Products */ = {
			isa = PBXGroup;
			children = (
				EC91E63D2A7C316C004231CC /* KD.app */,
			);
			name = Products;
			sourceTree = "<group>";
		};
		EC91E63F2A7C316C004231CC /* KD */ = {
			isa = PBXGroup;
			children = (
				EC02DCEA2A93BD9600E47678 /* Classes */,
				EC02DCE92A93BD7A00E47678 /* ViewControllers */,
				EC91E6672A7C3821004231CC /* Application */,
				EC91E6682A7C3849004231CC /* Resourses */,
			);
			path = KD;
			sourceTree = "<group>";
		};
		EC91E6672A7C3821004231CC /* Application */ = {
			isa = PBXGroup;
			children = (
				EC91E6402A7C316C004231CC /* AppDelegate.swift */,
				EC91E6422A7C316C004231CC /* SceneDelegate.swift */,
				EC5B4D462A991AA40013660D /* ApiKeys.swift */,
				E3098B1A2A8EC005009C27CB /* AppSettings.swift */,
			);
			path = Application;
			sourceTree = "<group>";
		};
		EC91E6682A7C3849004231CC /* Resourses */ = {
			isa = PBXGroup;
			children = (
				EC91E6492A7C316E004231CC /* Assets.xcassets */,
				EC91E64B2A7C316E004231CC /* LaunchScreen.storyboard */,
				EC91E64E2A7C316E004231CC /* Info.plist */,
			);
			path = Resourses;
			sourceTree = "<group>";
		};
/* End PBXGroup section */

/* Begin PBXNativeTarget section */
		EC91E63C2A7C316C004231CC /* KD */ = {
			isa = PBXNativeTarget;
			buildConfigurationList = EC91E6512A7C316E004231CC /* Build configuration list for PBXNativeTarget "KD" */;
			buildPhases = (
				EC91E6392A7C316C004231CC /* Sources */,
				EC91E63A2A7C316C004231CC /* Frameworks */,
				EC91E63B2A7C316C004231CC /* Resources */,
			);
			buildRules = (
			);
			dependencies = (
			);
			name = KD;
			packageProductDependencies = (
				EC91E6552A7C3187004231CC /* SnapKit */,
			);
			productName = KD;
			productReference = EC91E63D2A7C316C004231CC /* KD.app */;
			productType = "com.apple.product-type.application";
		};
/* End PBXNativeTarget section */

/* Begin PBXProject section */
		EC91E6352A7C316C004231CC /* Project object */ = {
			isa = PBXProject;
			attributes = {
				BuildIndependentTargetsInParallel = 1;
				LastSwiftUpdateCheck = 1420;
				LastUpgradeCheck = 1420;
				TargetAttributes = {
					EC91E63C2A7C316C004231CC = {
						CreatedOnToolsVersion = 14.2;
					};
				};
			};
			buildConfigurationList = EC91E6382A7C316C004231CC /* Build configuration list for PBXProject "KD" */;
			compatibilityVersion = "Xcode 14.0";
			developmentRegion = en;
			hasScannedForEncodings = 0;
			knownRegions = (
				en,
				Base,
			);
			mainGroup = EC91E6342A7C316C004231CC;
			packageReferences = (
				EC91E6542A7C3187004231CC /* XCRemoteSwiftPackageReference "SnapKit" */,
			);
			productRefGroup = EC91E63E2A7C316C004231CC /* Products */;
			projectDirPath = "";
			projectRoot = "";
			targets = (
				EC91E63C2A7C316C004231CC /* KD */,
			);
		};
/* End PBXProject section */

/* Begin PBXResourcesBuildPhase section */
		EC91E63B2A7C316C004231CC /* Resources */ = {
			isa = PBXResourcesBuildPhase;
			buildActionMask = 2147483647;
			files = (
				EC91E64D2A7C316E004231CC /* LaunchScreen.storyboard in Resources */,
				EC91E64A2A7C316E004231CC /* Assets.xcassets in Resources */,
			);
			runOnlyForDeploymentPostprocessing = 0;
		};
/* End PBXResourcesBuildPhase section */

/* Begin PBXSourcesBuildPhase section */
		EC91E6392A7C316C004231CC /* Sources */ = {
			isa = PBXSourcesBuildPhase;
			buildActionMask = 2147483647;
			files = (
				ECC76A072AA749EF006A90BF /* TableFooterViewForBasket.swift in Sources */,
				EC5B4D472A991AA40013660D /* ApiKeys.swift in Sources */,
				E3098B1B2A8EC005009C27CB /* AppSettings.swift in Sources */,
				EC91E65C2A7C3251004231CC /* BasketViewCell.swift in Sources */,
				EC91E6452A7C316C004231CC /* MainTabBarController.swift in Sources */,
				EC91E6412A7C316C004231CC /* AppDelegate.swift in Sources */,
				EC91E6432A7C316C004231CC /* SceneDelegate.swift in Sources */,
				EC75AA482A7D20EC00B8641D /* LogoView.swift in Sources */,
				EC91E65A2A7C3245004231CC /* BasketViewController.swift in Sources */,
				EC64E9CF2A94B6E200F1E331 /* UIConstants.swift in Sources */,
				EC781FDF2A9B66B1007F8418 /* Menu.swift in Sources */,
				EC02DCE82A9380F800E47678 /* SingleProductView.swift in Sources */,
				EC91E6602A7C32B8004231CC /* MenuViewCell.swift in Sources */,
				EC331EE62A854E3C00EA73E2 /* FavoriteViewController.swift in Sources */,
				ECA96BF32AA8C9CD00B6917A /* TextFieldController.swift in Sources */,
				EC91E65E2A7C325D004231CC /* MenuViewController.swift in Sources */,
				EC91E6582A7C320D004231CC /* ProductModel.swift in Sources */,
			);
			runOnlyForDeploymentPostprocessing = 0;
		};
/* End PBXSourcesBuildPhase section */

/* Begin PBXVariantGroup section */
		EC91E64B2A7C316E004231CC /* LaunchScreen.storyboard */ = {
			isa = PBXVariantGroup;
			children = (
				EC91E64C2A7C316E004231CC /* Base */,
			);
			name = LaunchScreen.storyboard;
			sourceTree = "<group>";
		};
/* End PBXVariantGroup section */

/* Begin XCBuildConfiguration section */
		EC91E64F2A7C316E004231CC /* Debug */ = {
			isa = XCBuildConfiguration;
			buildSettings = {
				ALWAYS_SEARCH_USER_PATHS = NO;
				CLANG_ANALYZER_NONNULL = YES;
				CLANG_ANALYZER_NUMBER_OBJECT_CONVERSION = YES_AGGRESSIVE;
				CLANG_CXX_LANGUAGE_STANDARD = "gnu++20";
				CLANG_ENABLE_MODULES = YES;
				CLANG_ENABLE_OBJC_ARC = YES;
				CLANG_ENABLE_OBJC_WEAK = YES;
				CLANG_WARN_BLOCK_CAPTURE_AUTORELEASING = YES;
				CLANG_WARN_BOOL_CONVERSION = YES;
				CLANG_WARN_COMMA = YES;
				CLANG_WARN_CONSTANT_CONVERSION = YES;
				CLANG_WARN_DEPRECATED_OBJC_IMPLEMENTATIONS = YES;
				CLANG_WARN_DIRECT_OBJC_ISA_USAGE = YES_ERROR;
				CLANG_WARN_DOCUMENTATION_COMMENTS = YES;
				CLANG_WARN_EMPTY_BODY = YES;
				CLANG_WARN_ENUM_CONVERSION = YES;
				CLANG_WARN_INFINITE_RECURSION = YES;
				CLANG_WARN_INT_CONVERSION = YES;
				CLANG_WARN_NON_LITERAL_NULL_CONVERSION = YES;
				CLANG_WARN_OBJC_IMPLICIT_RETAIN_SELF = YES;
				CLANG_WARN_OBJC_LITERAL_CONVERSION = YES;
				CLANG_WARN_OBJC_ROOT_CLASS = YES_ERROR;
				CLANG_WARN_QUOTED_INCLUDE_IN_FRAMEWORK_HEADER = YES;
				CLANG_WARN_RANGE_LOOP_ANALYSIS = YES;
				CLANG_WARN_STRICT_PROTOTYPES = YES;
				CLANG_WARN_SUSPICIOUS_MOVE = YES;
				CLANG_WARN_UNGUARDED_AVAILABILITY = YES_AGGRESSIVE;
				CLANG_WARN_UNREACHABLE_CODE = YES;
				CLANG_WARN__DUPLICATE_METHOD_MATCH = YES;
				COPY_PHASE_STRIP = NO;
				DEBUG_INFORMATION_FORMAT = dwarf;
				ENABLE_STRICT_OBJC_MSGSEND = YES;
				ENABLE_TESTABILITY = YES;
				GCC_C_LANGUAGE_STANDARD = gnu11;
				GCC_DYNAMIC_NO_PIC = NO;
				GCC_NO_COMMON_BLOCKS = YES;
				GCC_OPTIMIZATION_LEVEL = 0;
				GCC_PREPROCESSOR_DEFINITIONS = (
					"DEBUG=1",
					"$(inherited)",
				);
				GCC_WARN_64_TO_32_BIT_CONVERSION = YES;
				GCC_WARN_ABOUT_RETURN_TYPE = YES_ERROR;
				GCC_WARN_UNDECLARED_SELECTOR = YES;
				GCC_WARN_UNINITIALIZED_AUTOS = YES_AGGRESSIVE;
				GCC_WARN_UNUSED_FUNCTION = YES;
				GCC_WARN_UNUSED_VARIABLE = YES;
				IPHONEOS_DEPLOYMENT_TARGET = 16.2;
				MTL_ENABLE_DEBUG_INFO = INCLUDE_SOURCE;
				MTL_FAST_MATH = YES;
				ONLY_ACTIVE_ARCH = YES;
				SDKROOT = iphoneos;
				SWIFT_ACTIVE_COMPILATION_CONDITIONS = DEBUG;
				SWIFT_OPTIMIZATION_LEVEL = "-Onone";
			};
			name = Debug;
		};
		EC91E6502A7C316E004231CC /* Release */ = {
			isa = XCBuildConfiguration;
			buildSettings = {
				ALWAYS_SEARCH_USER_PATHS = NO;
				CLANG_ANALYZER_NONNULL = YES;
				CLANG_ANALYZER_NUMBER_OBJECT_CONVERSION = YES_AGGRESSIVE;
				CLANG_CXX_LANGUAGE_STANDARD = "gnu++20";
				CLANG_ENABLE_MODULES = YES;
				CLANG_ENABLE_OBJC_ARC = YES;
				CLANG_ENABLE_OBJC_WEAK = YES;
				CLANG_WARN_BLOCK_CAPTURE_AUTORELEASING = YES;
				CLANG_WARN_BOOL_CONVERSION = YES;
				CLANG_WARN_COMMA = YES;
				CLANG_WARN_CONSTANT_CONVERSION = YES;
				CLANG_WARN_DEPRECATED_OBJC_IMPLEMENTATIONS = YES;
				CLANG_WARN_DIRECT_OBJC_ISA_USAGE = YES_ERROR;
				CLANG_WARN_DOCUMENTATION_COMMENTS = YES;
				CLANG_WARN_EMPTY_BODY = YES;
				CLANG_WARN_ENUM_CONVERSION = YES;
				CLANG_WARN_INFINITE_RECURSION = YES;
				CLANG_WARN_INT_CONVERSION = YES;
				CLANG_WARN_NON_LITERAL_NULL_CONVERSION = YES;
				CLANG_WARN_OBJC_IMPLICIT_RETAIN_SELF = YES;
				CLANG_WARN_OBJC_LITERAL_CONVERSION = YES;
				CLANG_WARN_OBJC_ROOT_CLASS = YES_ERROR;
				CLANG_WARN_QUOTED_INCLUDE_IN_FRAMEWORK_HEADER = YES;
				CLANG_WARN_RANGE_LOOP_ANALYSIS = YES;
				CLANG_WARN_STRICT_PROTOTYPES = YES;
				CLANG_WARN_SUSPICIOUS_MOVE = YES;
				CLANG_WARN_UNGUARDED_AVAILABILITY = YES_AGGRESSIVE;
				CLANG_WARN_UNREACHABLE_CODE = YES;
				CLANG_WARN__DUPLICATE_METHOD_MATCH = YES;
				COPY_PHASE_STRIP = NO;
				DEBUG_INFORMATION_FORMAT = "dwarf-with-dsym";
				ENABLE_NS_ASSERTIONS = NO;
				ENABLE_STRICT_OBJC_MSGSEND = YES;
				GCC_C_LANGUAGE_STANDARD = gnu11;
				GCC_NO_COMMON_BLOCKS = YES;
				GCC_WARN_64_TO_32_BIT_CONVERSION = YES;
				GCC_WARN_ABOUT_RETURN_TYPE = YES_ERROR;
				GCC_WARN_UNDECLARED_SELECTOR = YES;
				GCC_WARN_UNINITIALIZED_AUTOS = YES_AGGRESSIVE;
				GCC_WARN_UNUSED_FUNCTION = YES;
				GCC_WARN_UNUSED_VARIABLE = YES;
				IPHONEOS_DEPLOYMENT_TARGET = 16.2;
				MTL_ENABLE_DEBUG_INFO = NO;
				MTL_FAST_MATH = YES;
				SDKROOT = iphoneos;
				SWIFT_COMPILATION_MODE = wholemodule;
				SWIFT_OPTIMIZATION_LEVEL = "-O";
				VALIDATE_PRODUCT = YES;
			};
			name = Release;
		};
		EC91E6522A7C316E004231CC /* Debug */ = {
			isa = XCBuildConfiguration;
			buildSettings = {
				ASSETCATALOG_COMPILER_APPICON_NAME = AppIcon;
				ASSETCATALOG_COMPILER_GLOBAL_ACCENT_COLOR_NAME = AccentColor;
				CODE_SIGN_STYLE = Automatic;
				CURRENT_PROJECT_VERSION = 1;
				DEVELOPMENT_TEAM = W5S29493U2;
				GENERATE_INFOPLIST_FILE = YES;
				INFOPLIST_FILE = KD/Resourses/Info.plist;
				INFOPLIST_KEY_UIApplicationSupportsIndirectInputEvents = YES;
				INFOPLIST_KEY_UILaunchStoryboardName = LaunchScreen;
				INFOPLIST_KEY_UIMainStoryboardFile = "";
				INFOPLIST_KEY_UISupportedInterfaceOrientations_iPad = "UIInterfaceOrientationPortrait UIInterfaceOrientationPortraitUpsideDown UIInterfaceOrientationLandscapeLeft UIInterfaceOrientationLandscapeRight";
				INFOPLIST_KEY_UISupportedInterfaceOrientations_iPhone = "UIInterfaceOrientationPortrait UIInterfaceOrientationLandscapeLeft UIInterfaceOrientationLandscapeRight";
				LD_RUNPATH_SEARCH_PATHS = (
					"$(inherited)",
					"@executable_path/Frameworks",
				);
				MARKETING_VERSION = 1.0;
				PRODUCT_BUNDLE_IDENTIFIER = nojkasa.KD;
				PRODUCT_NAME = "$(TARGET_NAME)";
				SWIFT_EMIT_LOC_STRINGS = YES;
				SWIFT_VERSION = 5.0;
				TARGETED_DEVICE_FAMILY = "1,2";
			};
			name = Debug;
		};
		EC91E6532A7C316E004231CC /* Release */ = {
			isa = XCBuildConfiguration;
			buildSettings = {
				ASSETCATALOG_COMPILER_APPICON_NAME = AppIcon;
				ASSETCATALOG_COMPILER_GLOBAL_ACCENT_COLOR_NAME = AccentColor;
				CODE_SIGN_STYLE = Automatic;
				CURRENT_PROJECT_VERSION = 1;
				DEVELOPMENT_TEAM = W5S29493U2;
				GENERATE_INFOPLIST_FILE = YES;
				INFOPLIST_FILE = KD/Resourses/Info.plist;
				INFOPLIST_KEY_UIApplicationSupportsIndirectInputEvents = YES;
				INFOPLIST_KEY_UILaunchStoryboardName = LaunchScreen;
				INFOPLIST_KEY_UIMainStoryboardFile = "";
				INFOPLIST_KEY_UISupportedInterfaceOrientations_iPad = "UIInterfaceOrientationPortrait UIInterfaceOrientationPortraitUpsideDown UIInterfaceOrientationLandscapeLeft UIInterfaceOrientationLandscapeRight";
				INFOPLIST_KEY_UISupportedInterfaceOrientations_iPhone = "UIInterfaceOrientationPortrait UIInterfaceOrientationLandscapeLeft UIInterfaceOrientationLandscapeRight";
				LD_RUNPATH_SEARCH_PATHS = (
					"$(inherited)",
					"@executable_path/Frameworks",
				);
				MARKETING_VERSION = 1.0;
				PRODUCT_BUNDLE_IDENTIFIER = nojkasa.KD;
				PRODUCT_NAME = "$(TARGET_NAME)";
				SWIFT_EMIT_LOC_STRINGS = YES;
				SWIFT_VERSION = 5.0;
				TARGETED_DEVICE_FAMILY = "1,2";
			};
			name = Release;
		};
/* End XCBuildConfiguration section */

/* Begin XCConfigurationList section */
		EC91E6382A7C316C004231CC /* Build configuration list for PBXProject "KD" */ = {
			isa = XCConfigurationList;
			buildConfigurations = (
				EC91E64F2A7C316E004231CC /* Debug */,
				EC91E6502A7C316E004231CC /* Release */,
			);
			defaultConfigurationIsVisible = 0;
			defaultConfigurationName = Release;
		};
		EC91E6512A7C316E004231CC /* Build configuration list for PBXNativeTarget "KD" */ = {
			isa = XCConfigurationList;
			buildConfigurations = (
				EC91E6522A7C316E004231CC /* Debug */,
				EC91E6532A7C316E004231CC /* Release */,
			);
			defaultConfigurationIsVisible = 0;
			defaultConfigurationName = Release;
		};
/* End XCConfigurationList section */

/* Begin XCRemoteSwiftPackageReference section */
		EC91E6542A7C3187004231CC /* XCRemoteSwiftPackageReference "SnapKit" */ = {
			isa = XCRemoteSwiftPackageReference;
			repositoryURL = "https://github.com/SnapKit/SnapKit.git";
			requirement = {
				kind = upToNextMajorVersion;
				minimumVersion = 5.0.0;
			};
		};
/* End XCRemoteSwiftPackageReference section */

/* Begin XCSwiftPackageProductDependency section */
		EC91E6552A7C3187004231CC /* SnapKit */ = {
			isa = XCSwiftPackageProductDependency;
			package = EC91E6542A7C3187004231CC /* XCRemoteSwiftPackageReference "SnapKit" */;
			productName = SnapKit;
		};
/* End XCSwiftPackageProductDependency section */
	};
	rootObject = EC91E6352A7C316C004231CC /* Project object */;
}
